
Microsoft Visual Studio Solution File, Format Version 12.00
# Visual Studio 15
VisualStudioVersion = 15.0.26730.16
MinimumVisualStudioVersion = 10.0.40219.1
Project("{9A19103F-16F7-4668-BE54-9A1E7A4F7556}") = "Then", "Then\Then.csproj", "{3E7D3193-4CD9-4107-A33D-61530E97FFFE}"
EndProject
Project("{2150E333-8FDC-42A3-9474-1A3956D46DE8}") = "Solution Items", "Solution Items", "{32216BD9-F2F1-444F-B0F0-C639B971F35E}"
	ProjectSection(SolutionItems) = preProject
		README.md = README.md
	EndProjectSection
EndProject
Project("{FAE04EC0-301F-11D3-BF4B-00C04F79EFBC}") = "Then.Tests", "Then.Tests\Then.Tests.csproj", "{CC4B0756-B317-45DE-87EE-C329FDBCC577}"
EndProject
Global
	GlobalSection(SolutionConfigurationPlatforms) = preSolution
		Debug|Any CPU = Debug|Any CPU
		Release|Any CPU = Release|Any CPU
	EndGlobalSection
	GlobalSection(ProjectConfigurationPlatforms) = postSolution
		{3E7D3193-4CD9-4107-A33D-61530E97FFFE}.Debug|Any CPU.ActiveCfg = Debug|Any CPU
		{3E7D3193-4CD9-4107-A33D-61530E97FFFE}.Debug|Any CPU.Build.0 = Debug|Any CPU
		{3E7D3193-4CD9-4107-A33D-61530E97FFFE}.Release|Any CPU.ActiveCfg = Release|Any CPU
		{3E7D3193-4CD9-4107-A33D-61530E97FFFE}.Release|Any CPU.Build.0 = Release|Any CPU
		{CC4B0756-B317-45DE-87EE-C329FDBCC577}.Debug|Any CPU.ActiveCfg = Debug|Any CPU
		{CC4B0756-B317-45DE-87EE-C329FDBCC577}.Debug|Any CPU.Build.0 = Debug|Any CPU
		{CC4B0756-B317-45DE-87EE-C329FDBCC577}.Release|Any CPU.ActiveCfg = Release|Any CPU
		{CC4B0756-B317-45DE-87EE-C329FDBCC577}.Release|Any CPU.Build.0 = Release|Any CPU
	EndGlobalSection
	GlobalSection(SolutionProperties) = preSolution
		HideSolutionNode = FALSE
	EndGlobalSection
	GlobalSection(ExtensibilityGlobals) = postSolution
		SolutionGuid = {A58C8CB2-CAEE-42C5-969C-C8DBC6275973}
	EndGlobalSection
EndGlobal
